
Microsoft Visual Studio Solution File, Format Version 12.00
# Visual Studio 15
Project("{FAE04EC0-301F-11D3-BF4B-00C04F79EFBC}") = "Assembly-CSharp", "Assembly-CSharp.csproj", "{DCF36F11-EF40-245B-D3F2-A50D742EE098}"
EndProject
Project("{FAE04EC0-301F-11D3-BF4B-00C04F79EFBC}") = "Assembly-CSharp-Editor", "Assembly-CSharp-Editor.csproj", "{43ABB627-8F05-B012-C115-436A54640F0B}"
EndProject
Global
	GlobalSection(SolutionConfigurationPlatforms) = preSolution
		Debug|Any CPU = Debug|Any CPU
		Release|Any CPU = Release|Any CPU
	EndGlobalSection
	GlobalSection(ProjectConfigurationPlatforms) = postSolution
		{DCF36F11-EF40-245B-D3F2-A50D742EE098}.Debug|Any CPU.ActiveCfg = Debug|Any CPU
		{DCF36F11-EF40-245B-D3F2-A50D742EE098}.Debug|Any CPU.Build.0 = Debug|Any CPU
		{DCF36F11-EF40-245B-D3F2-A50D742EE098}.Release|Any CPU.ActiveCfg = Release|Any CPU
		{DCF36F11-EF40-245B-D3F2-A50D742EE098}.Release|Any CPU.Build.0 = Release|Any CPU
		{43ABB627-8F05-B012-C115-436A54640F0B}.Debug|Any CPU.ActiveCfg = Debug|Any CPU
		{43ABB627-8F05-B012-C115-436A54640F0B}.Debug|Any CPU.Build.0 = Debug|Any CPU
		{43ABB627-8F05-B012-C115-436A54640F0B}.Release|Any CPU.ActiveCfg = Release|Any CPU
		{43ABB627-8F05-B012-C115-436A54640F0B}.Release|Any CPU.Build.0 = Release|Any CPU
	EndGlobalSection
	GlobalSection(SolutionProperties) = preSolution
		HideSolutionNode = FALSE
	EndGlobalSection
EndGlobal
